
Microsoft Visual Studio Solution File, Format Version 12.00
# Visual Studio Version 17
VisualStudioVersion = 17.0.31903.59
MinimumVisualStudioVersion = 10.0.40219.1
Project("{9A19103F-16F7-4668-BE54-9A1E7A4F7556}") = "Api", "src\Api\Api.csproj", "{ACBADDD2-71F3-4832-9779-75866C2B52C9}"
EndProject
Project("{9A19103F-16F7-4668-BE54-9A1E7A4F7556}") = "Tests", "src\Tests\Tests.csproj", "{6F9B7641-BACF-41AF-8176-2E1E3948FB14}"
EndProject
Project("{E53339B2-1760-4266-BCC7-CA923CBCF16C}") = "docker-compose", "docker-compose.dcproj", "{64F1A4BC-6627-4F9B-A3C9-BB7E9C0B2513}"
EndProject
Project("{FAE04EC0-301F-11D3-BF4B-00C04F79EFBC}") = "Domain", "src\Domain\Domain.csproj", "{BFC495F6-B77C-4987-94EA-59F63C21CCFA}"
EndProject
Project("{FAE04EC0-301F-11D3-BF4B-00C04F79EFBC}") = "Application", "src\Application\Application.csproj", "{4783FC97-46EE-4138-B84E-3A36A02FD1A9}"
EndProject
Project("{FAE04EC0-301F-11D3-BF4B-00C04F79EFBC}") = "Infrastructure.Persistance", "src\Infrastructure.Persistance\Infrastructure.Persistance.csproj", "{5E58D13F-1CED-4327-883A-051E6F1DBD0A}"
EndProject
Global
	GlobalSection(SolutionConfigurationPlatforms) = preSolution
		Debug|Any CPU = Debug|Any CPU
		Release|Any CPU = Release|Any CPU
	EndGlobalSection
	GlobalSection(ProjectConfigurationPlatforms) = postSolution
		{ACBADDD2-71F3-4832-9779-75866C2B52C9}.Debug|Any CPU.ActiveCfg = Debug|Any CPU
		{ACBADDD2-71F3-4832-9779-75866C2B52C9}.Debug|Any CPU.Build.0 = Debug|Any CPU
		{ACBADDD2-71F3-4832-9779-75866C2B52C9}.Release|Any CPU.ActiveCfg = Release|Any CPU
		{ACBADDD2-71F3-4832-9779-75866C2B52C9}.Release|Any CPU.Build.0 = Release|Any CPU
		{6F9B7641-BACF-41AF-8176-2E1E3948FB14}.Debug|Any CPU.ActiveCfg = Debug|Any CPU
		{6F9B7641-BACF-41AF-8176-2E1E3948FB14}.Debug|Any CPU.Build.0 = Debug|Any CPU
		{6F9B7641-BACF-41AF-8176-2E1E3948FB14}.Release|Any CPU.ActiveCfg = Release|Any CPU
		{6F9B7641-BACF-41AF-8176-2E1E3948FB14}.Release|Any CPU.Build.0 = Release|Any CPU
		{64F1A4BC-6627-4F9B-A3C9-BB7E9C0B2513}.Debug|Any CPU.ActiveCfg = Debug|Any CPU
		{64F1A4BC-6627-4F9B-A3C9-BB7E9C0B2513}.Debug|Any CPU.Build.0 = Debug|Any CPU
		{64F1A4BC-6627-4F9B-A3C9-BB7E9C0B2513}.Release|Any CPU.ActiveCfg = Release|Any CPU
		{64F1A4BC-6627-4F9B-A3C9-BB7E9C0B2513}.Release|Any CPU.Build.0 = Release|Any CPU
		{BFC495F6-B77C-4987-94EA-59F63C21CCFA}.Debug|Any CPU.ActiveCfg = Debug|Any CPU
		{BFC495F6-B77C-4987-94EA-59F63C21CCFA}.Debug|Any CPU.Build.0 = Debug|Any CPU
		{BFC495F6-B77C-4987-94EA-59F63C21CCFA}.Release|Any CPU.ActiveCfg = Release|Any CPU
		{BFC495F6-B77C-4987-94EA-59F63C21CCFA}.Release|Any CPU.Build.0 = Release|Any CPU
		{4783FC97-46EE-4138-B84E-3A36A02FD1A9}.Debug|Any CPU.ActiveCfg = Debug|Any CPU
		{4783FC97-46EE-4138-B84E-3A36A02FD1A9}.Debug|Any CPU.Build.0 = Debug|Any CPU
		{4783FC97-46EE-4138-B84E-3A36A02FD1A9}.Release|Any CPU.ActiveCfg = Release|Any CPU
		{4783FC97-46EE-4138-B84E-3A36A02FD1A9}.Release|Any CPU.Build.0 = Release|Any CPU
		{5E58D13F-1CED-4327-883A-051E6F1DBD0A}.Debug|Any CPU.ActiveCfg = Debug|Any CPU
		{5E58D13F-1CED-4327-883A-051E6F1DBD0A}.Debug|Any CPU.Build.0 = Debug|Any CPU
		{5E58D13F-1CED-4327-883A-051E6F1DBD0A}.Release|Any CPU.ActiveCfg = Release|Any CPU
		{5E58D13F-1CED-4327-883A-051E6F1DBD0A}.Release|Any CPU.Build.0 = Release|Any CPU
	EndGlobalSection
	GlobalSection(SolutionProperties) = preSolution
		HideSolutionNode = FALSE
	EndGlobalSection
	GlobalSection(ExtensibilityGlobals) = postSolution
		SolutionGuid = {42B3971B-3485-4AFE-AA4E-871721ABAD77}
	EndGlobalSection
EndGlobal
